{
  "name": "base-conocimiento",
  "lockfileVersion": 3,
  "requires": true,
  "packages": {
    "": {
      "name": "base-conocimiento",
      "workspaces": [
        "packages/*"
      ]
    },
    "node_modules/@base/domain": {
      "resolved": "packages/domain",
      "link": true
    },
    "packages/domain": {
      "name": "@base/domain",
      "version": "0.0.0"
    }
  }
}
